// !$*UTF8*$!
{
	archiveVersion = 1;
	classes = {
	};
	objectVersion = 56;
	objects = {

/* Begin PBXBuildFile section */
		5EBFEFF42953FCFE0040678A /* Mumbai_TypeApp.swift in Sources */ = {isa = PBXBuildFile; fileRef = 5EBFEFF32953FCFE0040678A /* Mumbai_TypeApp.swift */; };
		5EBFEFF62953FCFE0040678A /* ContentView.swift in Sources */ = {isa = PBXBuildFile; fileRef = 5EBFEFF52953FCFE0040678A /* ContentView.swift */; };
		5EBFEFF82953FCFF0040678A /* Assets.xcassets in Resources */ = {isa = PBXBuildFile; fileRef = 5EBFEFF72953FCFF0040678A /* Assets.xcassets */; };
		5EBFEFFC2953FCFF0040678A /* Preview Assets.xcassets in Resources */ = {isa = PBXBuildFile; fileRef = 5EBFEFFB2953FCFF0040678A /* Preview Assets.xcassets */; };
		5EBFF0062953FCFF0040678A /* Mumbai_TypeTests.swift in Sources */ = {isa = PBXBuildFile; fileRef = 5EBFF0052953FCFF0040678A /* Mumbai_TypeTests.swift */; };
		5EBFF0102953FCFF0040678A /* Mumbai_TypeUITests.swift in Sources */ = {isa = PBXBuildFile; fileRef = 5EBFF00F2953FCFF0040678A /* Mumbai_TypeUITests.swift */; };
		5EBFF0122953FCFF0040678A /* Mumbai_TypeUITestsLaunchTests.swift in Sources */ = {isa = PBXBuildFile; fileRef = 5EBFF0112953FCFF0040678A /* Mumbai_TypeUITestsLaunchTests.swift */; };
		5EBFF021295409940040678A /* Devnagiri.swift in Sources */ = {isa = PBXBuildFile; fileRef = 5EBFF020295409940040678A /* Devnagiri.swift */; };
		5EBFF023295900470040678A /* DevnagiriTests.swift in Sources */ = {isa = PBXBuildFile; fileRef = 5EBFF022295900470040678A /* DevnagiriTests.swift */; };
/* End PBXBuildFile section */

/* Begin PBXContainerItemProxy section */
		5EBFF0022953FCFF0040678A /* PBXContainerItemProxy */ = {
			isa = PBXContainerItemProxy;
			containerPortal = 5EBFEFE82953FCFE0040678A /* Project object */;
			proxyType = 1;
			remoteGlobalIDString = 5EBFEFEF2953FCFE0040678A;
			remoteInfo = "Mumbai Type";
		};
		5EBFF00C2953FCFF0040678A /* PBXContainerItemProxy */ = {
			isa = PBXContainerItemProxy;
			containerPortal = 5EBFEFE82953FCFE0040678A /* Project object */;
			proxyType = 1;
			remoteGlobalIDString = 5EBFEFEF2953FCFE0040678A;
			remoteInfo = "Mumbai Type";
		};
/* End PBXContainerItemProxy section */

/* Begin PBXFileReference section */
		5EBFEFF02953FCFE0040678A /* Mumbai Type.app */ = {isa = PBXFileReference; explicitFileType = wrapper.application; includeInIndex = 0; path = "Mumbai Type.app"; sourceTree = BUILT_PRODUCTS_DIR; };
		5EBFEFF32953FCFE0040678A /* Mumbai_TypeApp.swift */ = {isa = PBXFileReference; lastKnownFileType = sourcecode.swift; path = Mumbai_TypeApp.swift; sourceTree = "<group>"; };
		5EBFEFF52953FCFE0040678A /* ContentView.swift */ = {isa = PBXFileReference; lastKnownFileType = sourcecode.swift; path = ContentView.swift; sourceTree = "<group>"; };
		5EBFEFF72953FCFF0040678A /* Assets.xcassets */ = {isa = PBXFileReference; lastKnownFileType = folder.assetcatalog; path = Assets.xcassets; sourceTree = "<group>"; };
		5EBFEFF92953FCFF0040678A /* Mumbai_Type.entitlements */ = {isa = PBXFileReference; lastKnownFileType = text.plist.entitlements; path = Mumbai_Type.entitlements; sourceTree = "<group>"; };
		5EBFEFFB2953FCFF0040678A /* Preview Assets.xcassets */ = {isa = PBXFileReference; lastKnownFileType = folder.assetcatalog; path = "Preview Assets.xcassets"; sourceTree = "<group>"; };
		5EBFF0012953FCFF0040678A /* Mumbai TypeTests.xctest */ = {isa = PBXFileReference; explicitFileType = wrapper.cfbundle; includeInIndex = 0; path = "Mumbai TypeTests.xctest"; sourceTree = BUILT_PRODUCTS_DIR; };
		5EBFF0052953FCFF0040678A /* Mumbai_TypeTests.swift */ = {isa = PBXFileReference; lastKnownFileType = sourcecode.swift; path = Mumbai_TypeTests.swift; sourceTree = "<group>"; };
		5EBFF00B2953FCFF0040678A /* Mumbai TypeUITests.xctest */ = {isa = PBXFileReference; explicitFileType = wrapper.cfbundle; includeInIndex = 0; path = "Mumbai TypeUITests.xctest"; sourceTree = BUILT_PRODUCTS_DIR; };
		5EBFF00F2953FCFF0040678A /* Mumbai_TypeUITests.swift */ = {isa = PBXFileReference; lastKnownFileType = sourcecode.swift; path = Mumbai_TypeUITests.swift; sourceTree = "<group>"; };
		5EBFF0112953FCFF0040678A /* Mumbai_TypeUITestsLaunchTests.swift */ = {isa = PBXFileReference; lastKnownFileType = sourcecode.swift; path = Mumbai_TypeUITestsLaunchTests.swift; sourceTree = "<group>"; };
		5EBFF020295409940040678A /* Devnagiri.swift */ = {isa = PBXFileReference; lastKnownFileType = sourcecode.swift; path = Devnagiri.swift; sourceTree = "<group>"; };
		5EBFF022295900470040678A /* DevnagiriTests.swift */ = {isa = PBXFileReference; lastKnownFileType = sourcecode.swift; path = DevnagiriTests.swift; sourceTree = "<group>"; };
/* End PBXFileReference section */

/* Begin PBXFrameworksBuildPhase section */
		5EBFEFED2953FCFE0040678A /* Frameworks */ = {
			isa = PBXFrameworksBuildPhase;
			buildActionMask = 2147483647;
			files = (
			);
			runOnlyForDeploymentPostprocessing = 0;
		};
		5EBFEFFE2953FCFF0040678A /* Frameworks */ = {
			isa = PBXFrameworksBuildPhase;
			buildActionMask = 2147483647;
			files = (
			);
			runOnlyForDeploymentPostprocessing = 0;
		};
		5EBFF0082953FCFF0040678A /* Frameworks */ = {
			isa = PBXFrameworksBuildPhase;
			buildActionMask = 2147483647;
			files = (
			);
			runOnlyForDeploymentPostprocessing = 0;
		};
/* End PBXFrameworksBuildPhase section */

/* Begin PBXGroup section */
		5EBFEFE72953FCFE0040678A = {
			isa = PBXGroup;
			children = (
				5EBFEFF22953FCFE0040678A /* Mumbai Type */,
				5EBFF0042953FCFF0040678A /* Mumbai TypeTests */,
				5EBFF00E2953FCFF0040678A /* Mumbai TypeUITests */,
				5EBFEFF12953FCFE0040678A /* Products */,
			);
			sourceTree = "<group>";
		};
		5EBFEFF12953FCFE0040678A /* Products */ = {
			isa = PBXGroup;
			children = (
				5EBFEFF02953FCFE0040678A /* Mumbai Type.app */,
				5EBFF0012953FCFF0040678A /* Mumbai TypeTests.xctest */,
				5EBFF00B2953FCFF0040678A /* Mumbai TypeUITests.xctest */,
			);
			name = Products;
			sourceTree = "<group>";
		};
		5EBFEFF22953FCFE0040678A /* Mumbai Type */ = {
			isa = PBXGroup;
			children = (
				5EBFEFF32953FCFE0040678A /* Mumbai_TypeApp.swift */,
				5EBFEFF52953FCFE0040678A /* ContentView.swift */,
				5EBFF020295409940040678A /* Devnagiri.swift */,
				5EBFEFF72953FCFF0040678A /* Assets.xcassets */,
				5EBFEFF92953FCFF0040678A /* Mumbai_Type.entitlements */,
				5EBFEFFA2953FCFF0040678A /* Preview Content */,
			);
			path = "Mumbai Type";
			sourceTree = "<group>";
		};
		5EBFEFFA2953FCFF0040678A /* Preview Content */ = {
			isa = PBXGroup;
			children = (
				5EBFEFFB2953FCFF0040678A /* Preview Assets.xcassets */,
			);
			path = "Preview Content";
			sourceTree = "<group>";
		};
		5EBFF0042953FCFF0040678A /* Mumbai TypeTests */ = {
			isa = PBXGroup;
			children = (
				5EBFF0052953FCFF0040678A /* Mumbai_TypeTests.swift */,
				5EBFF022295900470040678A /* DevnagiriTests.swift */,
			);
			path = "Mumbai TypeTests";
			sourceTree = "<group>";
		};
		5EBFF00E2953FCFF0040678A /* Mumbai TypeUITests */ = {
			isa = PBXGroup;
			children = (
				5EBFF00F2953FCFF0040678A /* Mumbai_TypeUITests.swift */,
				5EBFF0112953FCFF0040678A /* Mumbai_TypeUITestsLaunchTests.swift */,
			);
			path = "Mumbai TypeUITests";
			sourceTree = "<group>";
		};
/* End PBXGroup section */

/* Begin PBXNativeTarget section */
		5EBFEFEF2953FCFE0040678A /* Mumbai Type */ = {
			isa = PBXNativeTarget;
			buildConfigurationList = 5EBFF0152953FCFF0040678A /* Build configuration list for PBXNativeTarget "Mumbai Type" */;
			buildPhases = (
				5EBFEFEC2953FCFE0040678A /* Sources */,
				5EBFEFED2953FCFE0040678A /* Frameworks */,
				5EBFEFEE2953FCFE0040678A /* Resources */,
			);
			buildRules = (
			);
			dependencies = (
			);
			name = "Mumbai Type";
			productName = "Mumbai Type";
			productReference = 5EBFEFF02953FCFE0040678A /* Mumbai Type.app */;
			productType = "com.apple.product-type.application";
		};
		5EBFF0002953FCFF0040678A /* Mumbai TypeTests */ = {
			isa = PBXNativeTarget;
			buildConfigurationList = 5EBFF0182953FCFF0040678A /* Build configuration list for PBXNativeTarget "Mumbai TypeTests" */;
			buildPhases = (
				5EBFEFFD2953FCFF0040678A /* Sources */,
				5EBFEFFE2953FCFF0040678A /* Frameworks */,
				5EBFEFFF2953FCFF0040678A /* Resources */,
			);
			buildRules = (
			);
			dependencies = (
				5EBFF0032953FCFF0040678A /* PBXTargetDependency */,
			);
			name = "Mumbai TypeTests";
			productName = "Mumbai TypeTests";
			productReference = 5EBFF0012953FCFF0040678A /* Mumbai TypeTests.xctest */;
			productType = "com.apple.product-type.bundle.unit-test";
		};
		5EBFF00A2953FCFF0040678A /* Mumbai TypeUITests */ = {
			isa = PBXNativeTarget;
			buildConfigurationList = 5EBFF01B2953FCFF0040678A /* Build configuration list for PBXNativeTarget "Mumbai TypeUITests" */;
			buildPhases = (
				5EBFF0072953FCFF0040678A /* Sources */,
				5EBFF0082953FCFF0040678A /* Frameworks */,
				5EBFF0092953FCFF0040678A /* Resources */,
			);
			buildRules = (
			);
			dependencies = (
				5EBFF00D2953FCFF0040678A /* PBXTargetDependency */,
			);
			name = "Mumbai TypeUITests";
			productName = "Mumbai TypeUITests";
			productReference = 5EBFF00B2953FCFF0040678A /* Mumbai TypeUITests.xctest */;
			productType = "com.apple.product-type.bundle.ui-testing";
		};
/* End PBXNativeTarget section */

/* Begin PBXProject section */
		5EBFEFE82953FCFE0040678A /* Project object */ = {
			isa = PBXProject;
			attributes = {
				BuildIndependentTargetsInParallel = 1;
				LastSwiftUpdateCheck = 1420;
				LastUpgradeCheck = 1420;
				TargetAttributes = {
					5EBFEFEF2953FCFE0040678A = {
						CreatedOnToolsVersion = 14.2;
					};
					5EBFF0002953FCFF0040678A = {
						CreatedOnToolsVersion = 14.2;
						TestTargetID = 5EBFEFEF2953FCFE0040678A;
					};
					5EBFF00A2953FCFF0040678A = {
						CreatedOnToolsVersion = 14.2;
						TestTargetID = 5EBFEFEF2953FCFE0040678A;
					};
				};
			};
			buildConfigurationList = 5EBFEFEB2953FCFE0040678A /* Build configuration list for PBXProject "Mumbai Type" */;
			compatibilityVersion = "Xcode 14.0";
			developmentRegion = en;
			hasScannedForEncodings = 0;
			knownRegions = (
				en,
				Base,
			);
			mainGroup = 5EBFEFE72953FCFE0040678A;
			productRefGroup = 5EBFEFF12953FCFE0040678A /* Products */;
			projectDirPath = "";
			projectRoot = "";
			targets = (
				5EBFEFEF2953FCFE0040678A /* Mumbai Type */,
				5EBFF0002953FCFF0040678A /* Mumbai TypeTests */,
				5EBFF00A2953FCFF0040678A /* Mumbai TypeUITests */,
			);
		};
/* End PBXProject section */

/* Begin PBXResourcesBuildPhase section */
		5EBFEFEE2953FCFE0040678A /* Resources */ = {
			isa = PBXResourcesBuildPhase;
			buildActionMask = 2147483647;
			files = (
				5EBFEFFC2953FCFF0040678A /* Preview Assets.xcassets in Resources */,
				5EBFEFF82953FCFF0040678A /* Assets.xcassets in Resources */,
			);
			runOnlyForDeploymentPostprocessing = 0;
		};
		5EBFEFFF2953FCFF0040678A /* Resources */ = {
			isa = PBXResourcesBuildPhase;
			buildActionMask = 2147483647;
			files = (
			);
			runOnlyForDeploymentPostprocessing = 0;
		};
		5EBFF0092953FCFF0040678A /* Resources */ = {
			isa = PBXResourcesBuildPhase;
			buildActionMask = 2147483647;
			files = (
			);
			runOnlyForDeploymentPostprocessing = 0;
		};
/* End PBXResourcesBuildPhase section */

/* Begin PBXSourcesBuildPhase section */
		5EBFEFEC2953FCFE0040678A /* Sources */ = {
			isa = PBXSourcesBuildPhase;
			buildActionMask = 2147483647;
			files = (
				5EBFEFF62953FCFE0040678A /* ContentView.swift in Sources */,
				5EBFEFF42953FCFE0040678A /* Mumbai_TypeApp.swift in Sources */,
				5EBFF021295409940040678A /* Devnagiri.swift in Sources */,
			);
			runOnlyForDeploymentPostprocessing = 0;
		};
		5EBFEFFD2953FCFF0040678A /* Sources */ = {
			isa = PBXSourcesBuildPhase;
			buildActionMask = 2147483647;
			files = (
				5EBFF0062953FCFF0040678A /* Mumbai_TypeTests.swift in Sources */,
				5EBFF023295900470040678A /* DevnagiriTests.swift in Sources */,
			);
			runOnlyForDeploymentPostprocessing = 0;
		};
		5EBFF0072953FCFF0040678A /* Sources */ = {
			isa = PBXSourcesBuildPhase;
			buildActionMask = 2147483647;
			files = (
				5EBFF0102953FCFF0040678A /* Mumbai_TypeUITests.swift in Sources */,
				5EBFF0122953FCFF0040678A /* Mumbai_TypeUITestsLaunchTests.swift in Sources */,
			);
			runOnlyForDeploymentPostprocessing = 0;
		};
/* End PBXSourcesBuildPhase section */

/* Begin PBXTargetDependency section */
		5EBFF0032953FCFF0040678A /* PBXTargetDependency */ = {
			isa = PBXTargetDependency;
			target = 5EBFEFEF2953FCFE0040678A /* Mumbai Type */;
			targetProxy = 5EBFF0022953FCFF0040678A /* PBXContainerItemProxy */;
		};
		5EBFF00D2953FCFF0040678A /* PBXTargetDependency */ = {
			isa = PBXTargetDependency;
			target = 5EBFEFEF2953FCFE0040678A /* Mumbai Type */;
			targetProxy = 5EBFF00C2953FCFF0040678A /* PBXContainerItemProxy */;
		};
/* End PBXTargetDependency section */

/* Begin XCBuildConfiguration section */
		5EBFF0132953FCFF0040678A /* Debug */ = {
			isa = XCBuildConfiguration;
			buildSettings = {
				ALWAYS_SEARCH_USER_PATHS = NO;
				CLANG_ANALYZER_NONNULL = YES;
				CLANG_ANALYZER_NUMBER_OBJECT_CONVERSION = YES_AGGRESSIVE;
				CLANG_CXX_LANGUAGE_STANDARD = "gnu++20";
				CLANG_ENABLE_MODULES = YES;
				CLANG_ENABLE_OBJC_ARC = YES;
				CLANG_ENABLE_OBJC_WEAK = YES;
				CLANG_WARN_BLOCK_CAPTURE_AUTORELEASING = YES;
				CLANG_WARN_BOOL_CONVERSION = YES;
				CLANG_WARN_COMMA = YES;
				CLANG_WARN_CONSTANT_CONVERSION = YES;
				CLANG_WARN_DEPRECATED_OBJC_IMPLEMENTATIONS = YES;
				CLANG_WARN_DIRECT_OBJC_ISA_USAGE = YES_ERROR;
				CLANG_WARN_DOCUMENTATION_COMMENTS = YES;
				CLANG_WARN_EMPTY_BODY = YES;
				CLANG_WARN_ENUM_CONVERSION = YES;
				CLANG_WARN_INFINITE_RECURSION = YES;
				CLANG_WARN_INT_CONVERSION = YES;
				CLANG_WARN_NON_LITERAL_NULL_CONVERSION = YES;
				CLANG_WARN_OBJC_IMPLICIT_RETAIN_SELF = YES;
				CLANG_WARN_OBJC_LITERAL_CONVERSION = YES;
				CLANG_WARN_OBJC_ROOT_CLASS = YES_ERROR;
				CLANG_WARN_QUOTED_INCLUDE_IN_FRAMEWORK_HEADER = YES;
				CLANG_WARN_RANGE_LOOP_ANALYSIS = YES;
				CLANG_WARN_STRICT_PROTOTYPES = YES;
				CLANG_WARN_SUSPICIOUS_MOVE = YES;
				CLANG_WARN_UNGUARDED_AVAILABILITY = YES_AGGRESSIVE;
				CLANG_WARN_UNREACHABLE_CODE = YES;
				CLANG_WARN__DUPLICATE_METHOD_MATCH = YES;
				COPY_PHASE_STRIP = NO;
				DEBUG_INFORMATION_FORMAT = dwarf;
				ENABLE_STRICT_OBJC_MSGSEND = YES;
				ENABLE_TESTABILITY = YES;
				GCC_C_LANGUAGE_STANDARD = gnu11;
				GCC_DYNAMIC_NO_PIC = NO;
				GCC_NO_COMMON_BLOCKS = YES;
				GCC_OPTIMIZATION_LEVEL = 0;
				GCC_PREPROCESSOR_DEFINITIONS = (
					"DEBUG=1",
					"$(inherited)",
				);
				GCC_WARN_64_TO_32_BIT_CONVERSION = YES;
				GCC_WARN_ABOUT_RETURN_TYPE = YES_ERROR;
				GCC_WARN_UNDECLARED_SELECTOR = YES;
				GCC_WARN_UNINITIALIZED_AUTOS = YES_AGGRESSIVE;
				GCC_WARN_UNUSED_FUNCTION = YES;
				GCC_WARN_UNUSED_VARIABLE = YES;
				MTL_ENABLE_DEBUG_INFO = INCLUDE_SOURCE;
				MTL_FAST_MATH = YES;
				ONLY_ACTIVE_ARCH = YES;
				SWIFT_ACTIVE_COMPILATION_CONDITIONS = DEBUG;
				SWIFT_OPTIMIZATION_LEVEL = "-Onone";
			};
			name = Debug;
		};
		5EBFF0142953FCFF0040678A /* Release */ = {
			isa = XCBuildConfiguration;
			buildSettings = {
				ALWAYS_SEARCH_USER_PATHS = NO;
				CLANG_ANALYZER_NONNULL = YES;
				CLANG_ANALYZER_NUMBER_OBJECT_CONVERSION = YES_AGGRESSIVE;
				CLANG_CXX_LANGUAGE_STANDARD = "gnu++20";
				CLANG_ENABLE_MODULES = YES;
				CLANG_ENABLE_OBJC_ARC = YES;
				CLANG_ENABLE_OBJC_WEAK = YES;
				CLANG_WARN_BLOCK_CAPTURE_AUTORELEASING = YES;
				CLANG_WARN_BOOL_CONVERSION = YES;
				CLANG_WARN_COMMA = YES;
				CLANG_WARN_CONSTANT_CONVERSION = YES;
				CLANG_WARN_DEPRECATED_OBJC_IMPLEMENTATIONS = YES;
				CLANG_WARN_DIRECT_OBJC_ISA_USAGE = YES_ERROR;
				CLANG_WARN_DOCUMENTATION_COMMENTS = YES;
				CLANG_WARN_EMPTY_BODY = YES;
				CLANG_WARN_ENUM_CONVERSION = YES;
				CLANG_WARN_INFINITE_RECURSION = YES;
				CLANG_WARN_INT_CONVERSION = YES;
				CLANG_WARN_NON_LITERAL_NULL_CONVERSION = YES;
				CLANG_WARN_OBJC_IMPLICIT_RETAIN_SELF = YES;
				CLANG_WARN_OBJC_LITERAL_CONVERSION = YES;
				CLANG_WARN_OBJC_ROOT_CLASS = YES_ERROR;
				CLANG_WARN_QUOTED_INCLUDE_IN_FRAMEWORK_HEADER = YES;
				CLANG_WARN_RANGE_LOOP_ANALYSIS = YES;
				CLANG_WARN_STRICT_PROTOTYPES = YES;
				CLANG_WARN_SUSPICIOUS_MOVE = YES;
				CLANG_WARN_UNGUARDED_AVAILABILITY = YES_AGGRESSIVE;
				CLANG_WARN_UNREACHABLE_CODE = YES;
				CLANG_WARN__DUPLICATE_METHOD_MATCH = YES;
				COPY_PHASE_STRIP = NO;
				DEBUG_INFORMATION_FORMAT = "dwarf-with-dsym";
				ENABLE_NS_ASSERTIONS = NO;
				ENABLE_STRICT_OBJC_MSGSEND = YES;
				GCC_C_LANGUAGE_STANDARD = gnu11;
				GCC_NO_COMMON_BLOCKS = YES;
				GCC_WARN_64_TO_32_BIT_CONVERSION = YES;
				GCC_WARN_ABOUT_RETURN_TYPE = YES_ERROR;
				GCC_WARN_UNDECLARED_SELECTOR = YES;
				GCC_WARN_UNINITIALIZED_AUTOS = YES_AGGRESSIVE;
				GCC_WARN_UNUSED_FUNCTION = YES;
				GCC_WARN_UNUSED_VARIABLE = YES;
				MTL_ENABLE_DEBUG_INFO = NO;
				MTL_FAST_MATH = YES;
				SWIFT_COMPILATION_MODE = wholemodule;
				SWIFT_OPTIMIZATION_LEVEL = "-O";
			};
			name = Release;
		};
		5EBFF0162953FCFF0040678A /* Debug */ = {
			isa = XCBuildConfiguration;
			buildSettings = {
				ASSETCATALOG_COMPILER_APPICON_NAME = AppIcon;
				ASSETCATALOG_COMPILER_GLOBAL_ACCENT_COLOR_NAME = AccentColor;
				CODE_SIGN_ENTITLEMENTS = "Mumbai Type/Mumbai_Type.entitlements";
				CODE_SIGN_STYLE = Automatic;
				CURRENT_PROJECT_VERSION = 1;
				DEVELOPMENT_ASSET_PATHS = "\"Mumbai Type/Preview Content\"";
				ENABLE_PREVIEWS = YES;
				GENERATE_INFOPLIST_FILE = YES;
				"INFOPLIST_KEY_UIApplicationSceneManifest_Generation[sdk=iphoneos*]" = YES;
				"INFOPLIST_KEY_UIApplicationSceneManifest_Generation[sdk=iphonesimulator*]" = YES;
				"INFOPLIST_KEY_UIApplicationSupportsIndirectInputEvents[sdk=iphoneos*]" = YES;
				"INFOPLIST_KEY_UIApplicationSupportsIndirectInputEvents[sdk=iphonesimulator*]" = YES;
				"INFOPLIST_KEY_UILaunchScreen_Generation[sdk=iphoneos*]" = YES;
				"INFOPLIST_KEY_UILaunchScreen_Generation[sdk=iphonesimulator*]" = YES;
				"INFOPLIST_KEY_UIStatusBarStyle[sdk=iphoneos*]" = UIStatusBarStyleDefault;
				"INFOPLIST_KEY_UIStatusBarStyle[sdk=iphonesimulator*]" = UIStatusBarStyleDefault;
				INFOPLIST_KEY_UISupportedInterfaceOrientations_iPad = "UIInterfaceOrientationPortrait UIInterfaceOrientationPortraitUpsideDown UIInterfaceOrientationLandscapeLeft UIInterfaceOrientationLandscapeRight";
				INFOPLIST_KEY_UISupportedInterfaceOrientations_iPhone = "UIInterfaceOrientationPortrait UIInterfaceOrientationLandscapeLeft UIInterfaceOrientationLandscapeRight";
				IPHONEOS_DEPLOYMENT_TARGET = 16.2;
				LD_RUNPATH_SEARCH_PATHS = "@executable_path/Frameworks";
				"LD_RUNPATH_SEARCH_PATHS[sdk=macosx*]" = "@executable_path/../Frameworks";
				MACOSX_DEPLOYMENT_TARGET = 13.0;
				MARKETING_VERSION = 1.0;
				PRODUCT_BUNDLE_IDENTIFIER = "com.kuchusoft.mumbaitype.Mumbai-Type";
				PRODUCT_NAME = "$(TARGET_NAME)";
				SDKROOT = auto;
				SUPPORTED_PLATFORMS = "iphoneos iphonesimulator macosx";
				SWIFT_EMIT_LOC_STRINGS = YES;
				SWIFT_VERSION = 5.0;
				TARGETED_DEVICE_FAMILY = "1,2";
			};
			name = Debug;
		};
		5EBFF0172953FCFF0040678A /* Release */ = {
			isa = XCBuildConfiguration;
			buildSettings = {
				ASSETCATALOG_COMPILER_APPICON_NAME = AppIcon;
				ASSETCATALOG_COMPILER_GLOBAL_ACCENT_COLOR_NAME = AccentColor;
				CODE_SIGN_ENTITLEMENTS = "Mumbai Type/Mumbai_Type.entitlements";
				CODE_SIGN_STYLE = Automatic;
				CURRENT_PROJECT_VERSION = 1;
				DEVELOPMENT_ASSET_PATHS = "\"Mumbai Type/Preview Content\"";
				ENABLE_PREVIEWS = YES;
				GENERATE_INFOPLIST_FILE = YES;
				"INFOPLIST_KEY_UIApplicationSceneManifest_Generation[sdk=iphoneos*]" = YES;
				"INFOPLIST_KEY_UIApplicationSceneManifest_Generation[sdk=iphonesimulator*]" = YES;
				"INFOPLIST_KEY_UIApplicationSupportsIndirectInputEvents[sdk=iphoneos*]" = YES;
				"INFOPLIST_KEY_UIApplicationSupportsIndirectInputEvents[sdk=iphonesimulator*]" = YES;
				"INFOPLIST_KEY_UILaunchScreen_Generation[sdk=iphoneos*]" = YES;
				"INFOPLIST_KEY_UILaunchScreen_Generation[sdk=iphonesimulator*]" = YES;
				"INFOPLIST_KEY_UIStatusBarStyle[sdk=iphoneos*]" = UIStatusBarStyleDefault;
				"INFOPLIST_KEY_UIStatusBarStyle[sdk=iphonesimulator*]" = UIStatusBarStyleDefault;
				INFOPLIST_KEY_UISupportedInterfaceOrientations_iPad = "UIInterfaceOrientationPortrait UIInterfaceOrientationPortraitUpsideDown UIInterfaceOrientationLandscapeLeft UIInterfaceOrientationLandscapeRight";
				INFOPLIST_KEY_UISupportedInterfaceOrientations_iPhone = "UIInterfaceOrientationPortrait UIInterfaceOrientationLandscapeLeft UIInterfaceOrientationLandscapeRight";
				IPHONEOS_DEPLOYMENT_TARGET = 16.2;
				LD_RUNPATH_SEARCH_PATHS = "@executable_path/Frameworks";
				"LD_RUNPATH_SEARCH_PATHS[sdk=macosx*]" = "@executable_path/../Frameworks";
				MACOSX_DEPLOYMENT_TARGET = 13.0;
				MARKETING_VERSION = 1.0;
				PRODUCT_BUNDLE_IDENTIFIER = "com.kuchusoft.mumbaitype.Mumbai-Type";
				PRODUCT_NAME = "$(TARGET_NAME)";
				SDKROOT = auto;
				SUPPORTED_PLATFORMS = "iphoneos iphonesimulator macosx";
				SWIFT_EMIT_LOC_STRINGS = YES;
				SWIFT_VERSION = 5.0;
				TARGETED_DEVICE_FAMILY = "1,2";
			};
			name = Release;
		};
		5EBFF0192953FCFF0040678A /* Debug */ = {
			isa = XCBuildConfiguration;
			buildSettings = {
				ALWAYS_EMBED_SWIFT_STANDARD_LIBRARIES = YES;
				BUNDLE_LOADER = "$(TEST_HOST)";
				CODE_SIGN_STYLE = Automatic;
				CURRENT_PROJECT_VERSION = 1;
				GENERATE_INFOPLIST_FILE = YES;
				IPHONEOS_DEPLOYMENT_TARGET = 16.2;
				MACOSX_DEPLOYMENT_TARGET = 13.0;
				MARKETING_VERSION = 1.0;
				PRODUCT_BUNDLE_IDENTIFIER = "com.kuchusoft.mumbaitype.Mumbai-TypeTests";
				PRODUCT_NAME = "$(TARGET_NAME)";
				SDKROOT = auto;
				SUPPORTED_PLATFORMS = "iphoneos iphonesimulator macosx";
				SWIFT_EMIT_LOC_STRINGS = NO;
				SWIFT_VERSION = 5.0;
				TARGETED_DEVICE_FAMILY = "1,2";
				TEST_HOST = "$(BUILT_PRODUCTS_DIR)/Mumbai Type.app/$(BUNDLE_EXECUTABLE_FOLDER_PATH)/Mumbai Type";
			};
			name = Debug;
		};
		5EBFF01A2953FCFF0040678A /* Release */ = {
			isa = XCBuildConfiguration;
			buildSettings = {
				ALWAYS_EMBED_SWIFT_STANDARD_LIBRARIES = YES;
				BUNDLE_LOADER = "$(TEST_HOST)";
				CODE_SIGN_STYLE = Automatic;
				CURRENT_PROJECT_VERSION = 1;
				GENERATE_INFOPLIST_FILE = YES;
				IPHONEOS_DEPLOYMENT_TARGET = 16.2;
				MACOSX_DEPLOYMENT_TARGET = 13.0;
				MARKETING_VERSION = 1.0;
				PRODUCT_BUNDLE_IDENTIFIER = "com.kuchusoft.mumbaitype.Mumbai-TypeTests";
				PRODUCT_NAME = "$(TARGET_NAME)";
				SDKROOT = auto;
				SUPPORTED_PLATFORMS = "iphoneos iphonesimulator macosx";
				SWIFT_EMIT_LOC_STRINGS = NO;
				SWIFT_VERSION = 5.0;
				TARGETED_DEVICE_FAMILY = "1,2";
				TEST_HOST = "$(BUILT_PRODUCTS_DIR)/Mumbai Type.app/$(BUNDLE_EXECUTABLE_FOLDER_PATH)/Mumbai Type";
			};
			name = Release;
		};
		5EBFF01C2953FCFF0040678A /* Debug */ = {
			isa = XCBuildConfiguration;
			buildSettings = {
				ALWAYS_EMBED_SWIFT_STANDARD_LIBRARIES = YES;
				CODE_SIGN_STYLE = Automatic;
				CURRENT_PROJECT_VERSION = 1;
				GENERATE_INFOPLIST_FILE = YES;
				IPHONEOS_DEPLOYMENT_TARGET = 16.2;
				MACOSX_DEPLOYMENT_TARGET = 13.0;
				MARKETING_VERSION = 1.0;
				PRODUCT_BUNDLE_IDENTIFIER = "com.kuchusoft.mumbaitype.Mumbai-TypeUITests";
				PRODUCT_NAME = "$(TARGET_NAME)";
				SDKROOT = auto;
				SUPPORTED_PLATFORMS = "iphoneos iphonesimulator macosx";
				SWIFT_EMIT_LOC_STRINGS = NO;
				SWIFT_VERSION = 5.0;
				TARGETED_DEVICE_FAMILY = "1,2";
				TEST_TARGET_NAME = "Mumbai Type";
			};
			name = Debug;
		};
		5EBFF01D2953FCFF0040678A /* Release */ = {
			isa = XCBuildConfiguration;
			buildSettings = {
				ALWAYS_EMBED_SWIFT_STANDARD_LIBRARIES = YES;
				CODE_SIGN_STYLE = Automatic;
				CURRENT_PROJECT_VERSION = 1;
				GENERATE_INFOPLIST_FILE = YES;
				IPHONEOS_DEPLOYMENT_TARGET = 16.2;
				MACOSX_DEPLOYMENT_TARGET = 13.0;
				MARKETING_VERSION = 1.0;
				PRODUCT_BUNDLE_IDENTIFIER = "com.kuchusoft.mumbaitype.Mumbai-TypeUITests";
				PRODUCT_NAME = "$(TARGET_NAME)";
				SDKROOT = auto;
				SUPPORTED_PLATFORMS = "iphoneos iphonesimulator macosx";
				SWIFT_EMIT_LOC_STRINGS = NO;
				SWIFT_VERSION = 5.0;
				TARGETED_DEVICE_FAMILY = "1,2";
				TEST_TARGET_NAME = "Mumbai Type";
			};
			name = Release;
		};
/* End XCBuildConfiguration section */

/* Begin XCConfigurationList section */
		5EBFEFEB2953FCFE0040678A /* Build configuration list for PBXProject "Mumbai Type" */ = {
			isa = XCConfigurationList;
			buildConfigurations = (
				5EBFF0132953FCFF0040678A /* Debug */,
				5EBFF0142953FCFF0040678A /* Release */,
			);
			defaultConfigurationIsVisible = 0;
			defaultConfigurationName = Release;
		};
		5EBFF0152953FCFF0040678A /* Build configuration list for PBXNativeTarget "Mumbai Type" */ = {
			isa = XCConfigurationList;
			buildConfigurations = (
				5EBFF0162953FCFF0040678A /* Debug */,
				5EBFF0172953FCFF0040678A /* Release */,
			);
			defaultConfigurationIsVisible = 0;
			defaultConfigurationName = Release;
		};
		5EBFF0182953FCFF0040678A /* Build configuration list for PBXNativeTarget "Mumbai TypeTests" */ = {
			isa = XCConfigurationList;
			buildConfigurations = (
				5EBFF0192953FCFF0040678A /* Debug */,
				5EBFF01A2953FCFF0040678A /* Release */,
			);
			defaultConfigurationIsVisible = 0;
			defaultConfigurationName = Release;
		};
		5EBFF01B2953FCFF0040678A /* Build configuration list for PBXNativeTarget "Mumbai TypeUITests" */ = {
			isa = XCConfigurationList;
			buildConfigurations = (
				5EBFF01C2953FCFF0040678A /* Debug */,
				5EBFF01D2953FCFF0040678A /* Release */,
			);
			defaultConfigurationIsVisible = 0;
			defaultConfigurationName = Release;
		};
/* End XCConfigurationList section */
	};
	rootObject = 5EBFEFE82953FCFE0040678A /* Project object */;
}
